
Microsoft Visual Studio Solution File, Format Version 11.00
# Visual Studio 2010
Project("{8BC9CEB8-8B4A-11D0-8D11-00A0C91BC942}") = "stl_demo01", "stl_demo01.vcxproj", "{E0EE406B-0A09-4D0F-B73A-6E4731BB5823}"
EndProject
Global
	GlobalSection(SolutionConfigurationPlatforms) = preSolution
		Debug|Win32 = Debug|Win32
		Release|Win32 = Release|Win32
	EndGlobalSection
	GlobalSection(ProjectConfigurationPlatforms) = postSolution
		{E0EE406B-0A09-4D0F-B73A-6E4731BB5823}.Debug|Win32.ActiveCfg = Debug|Win32
		{E0EE406B-0A09-4D0F-B73A-6E4731BB5823}.Debug|Win32.Build.0 = Debug|Win32
		{E0EE406B-0A09-4D0F-B73A-6E4731BB5823}.Release|Win32.ActiveCfg = Release|Win32
		{E0EE406B-0A09-4D0F-B73A-6E4731BB5823}.Release|Win32.Build.0 = Release|Win32
	EndGlobalSection
	GlobalSection(SolutionProperties) = preSolution
		HideSolutionNode = FALSE
	EndGlobalSection
EndGlobal
